// !$*UTF8*$!
{
	archiveVersion = 1;
	classes = {
	};
	objectVersion = 46;
	objects = {

/* Begin PBXBuildFile section */
		96C2549F1DA39F4200E3FC16 /* FacialExpression.swift in Sources */ = {isa = PBXBuildFile; fileRef = 96C2549E1DA39F4200E3FC16 /* FacialExpression.swift */; };
		96C254A31DA3BA7400E3FC16 /* EmotionsViewController.swift in Sources */ = {isa = PBXBuildFile; fileRef = 96C254A21DA3BA7400E3FC16 /* EmotionsViewController.swift */; };
		96DF2F131DA2BD490081E5FF /* AppDelegate.swift in Sources */ = {isa = PBXBuildFile; fileRef = 96DF2F121DA2BD490081E5FF /* AppDelegate.swift */; };
		96DF2F151DA2BD490081E5FF /* FaceViewController.swift in Sources */ = {isa = PBXBuildFile; fileRef = 96DF2F141DA2BD490081E5FF /* FaceViewController.swift */; };
		96DF2F181DA2BD490081E5FF /* Main.storyboard in Resources */ = {isa = PBXBuildFile; fileRef = 96DF2F161DA2BD490081E5FF /* Main.storyboard */; };
		96DF2F1A1DA2BD490081E5FF /* Assets.xcassets in Resources */ = {isa = PBXBuildFile; fileRef = 96DF2F191DA2BD490081E5FF /* Assets.xcassets */; };
		96DF2F1D1DA2BD490081E5FF /* LaunchScreen.storyboard in Resources */ = {isa = PBXBuildFile; fileRef = 96DF2F1B1DA2BD490081E5FF /* LaunchScreen.storyboard */; };
		96DF2F281DA2BD490081E5FF /* FaceItTests.swift in Sources */ = {isa = PBXBuildFile; fileRef = 96DF2F271DA2BD490081E5FF /* FaceItTests.swift */; };
		96DF2F331DA2BD490081E5FF /* FaceItUITests.swift in Sources */ = {isa = PBXBuildFile; fileRef = 96DF2F321DA2BD490081E5FF /* FaceItUITests.swift */; };
		96DF2F411DA2BED60081E5FF /* FaceView.swift in Sources */ = {isa = PBXBuildFile; fileRef = 96DF2F401DA2BED60081E5FF /* FaceView.swift */; };
/* End PBXBuildFile section */

/* Begin PBXContainerItemProxy section */
		96DF2F241DA2BD490081E5FF /* PBXContainerItemProxy */ = {
			isa = PBXContainerItemProxy;
			containerPortal = 96DF2F071DA2BD490081E5FF /* Project object */;
			proxyType = 1;
			remoteGlobalIDString = 96DF2F0E1DA2BD490081E5FF;
			remoteInfo = FaceIt;
		};
		96DF2F2F1DA2BD490081E5FF /* PBXContainerItemProxy */ = {
			isa = PBXContainerItemProxy;
			containerPortal = 96DF2F071DA2BD490081E5FF /* Project object */;
			proxyType = 1;
			remoteGlobalIDString = 96DF2F0E1DA2BD490081E5FF;
			remoteInfo = FaceIt;
		};
/* End PBXContainerItemProxy section */

/* Begin PBXFileReference section */
		96C2549E1DA39F4200E3FC16 /* FacialExpression.swift */ = {isa = PBXFileReference; fileEncoding = 4; lastKnownFileType = sourcecode.swift; path = FacialExpression.swift; sourceTree = "<group>"; };
		96C254A21DA3BA7400E3FC16 /* EmotionsViewController.swift */ = {isa = PBXFileReference; fileEncoding = 4; lastKnownFileType = sourcecode.swift; path = EmotionsViewController.swift; sourceTree = "<group>"; };
		96DF2F0F1DA2BD490081E5FF /* FaceIt.app */ = {isa = PBXFileReference; explicitFileType = wrapper.application; includeInIndex = 0; path = FaceIt.app; sourceTree = BUILT_PRODUCTS_DIR; };
		96DF2F121DA2BD490081E5FF /* AppDelegate.swift */ = {isa = PBXFileReference; lastKnownFileType = sourcecode.swift; path = AppDelegate.swift; sourceTree = "<group>"; };
		96DF2F141DA2BD490081E5FF /* FaceViewController.swift */ = {isa = PBXFileReference; lastKnownFileType = sourcecode.swift; path = FaceViewController.swift; sourceTree = "<group>"; };
		96DF2F171DA2BD490081E5FF /* Base */ = {isa = PBXFileReference; lastKnownFileType = file.storyboard; name = Base; path = Base.lproj/Main.storyboard; sourceTree = "<group>"; };
		96DF2F191DA2BD490081E5FF /* Assets.xcassets */ = {isa = PBXFileReference; lastKnownFileType = folder.assetcatalog; path = Assets.xcassets; sourceTree = "<group>"; };
		96DF2F1C1DA2BD490081E5FF /* Base */ = {isa = PBXFileReference; lastKnownFileType = file.storyboard; name = Base; path = Base.lproj/LaunchScreen.storyboard; sourceTree = "<group>"; };
		96DF2F1E1DA2BD490081E5FF /* Info.plist */ = {isa = PBXFileReference; lastKnownFileType = text.plist.xml; path = Info.plist; sourceTree = "<group>"; };
		96DF2F231DA2BD490081E5FF /* FaceItTests.xctest */ = {isa = PBXFileReference; explicitFileType = wrapper.cfbundle; includeInIndex = 0; path = FaceItTests.xctest; sourceTree = BUILT_PRODUCTS_DIR; };
		96DF2F271DA2BD490081E5FF /* FaceItTests.swift */ = {isa = PBXFileReference; lastKnownFileType = sourcecode.swift; path = FaceItTests.swift; sourceTree = "<group>"; };
		96DF2F291DA2BD490081E5FF /* Info.plist */ = {isa = PBXFileReference; lastKnownFileType = text.plist.xml; path = Info.plist; sourceTree = "<group>"; };
		96DF2F2E1DA2BD490081E5FF /* FaceItUITests.xctest */ = {isa = PBXFileReference; explicitFileType = wrapper.cfbundle; includeInIndex = 0; path = FaceItUITests.xctest; sourceTree = BUILT_PRODUCTS_DIR; };
		96DF2F321DA2BD490081E5FF /* FaceItUITests.swift */ = {isa = PBXFileReference; lastKnownFileType = sourcecode.swift; path = FaceItUITests.swift; sourceTree = "<group>"; };
		96DF2F341DA2BD490081E5FF /* Info.plist */ = {isa = PBXFileReference; lastKnownFileType = text.plist.xml; path = Info.plist; sourceTree = "<group>"; };
		96DF2F401DA2BED60081E5FF /* FaceView.swift */ = {isa = PBXFileReference; fileEncoding = 4; lastKnownFileType = sourcecode.swift; path = FaceView.swift; sourceTree = "<group>"; };
/* End PBXFileReference section */

/* Begin PBXFrameworksBuildPhase section */
		96DF2F0C1DA2BD490081E5FF /* Frameworks */ = {
			isa = PBXFrameworksBuildPhase;
			buildActionMask = 2147483647;
			files = (
			);
			runOnlyForDeploymentPostprocessing = 0;
		};
		96DF2F201DA2BD490081E5FF /* Frameworks */ = {
			isa = PBXFrameworksBuildPhase;
			buildActionMask = 2147483647;
			files = (
			);
			runOnlyForDeploymentPostprocessing = 0;
		};
		96DF2F2B1DA2BD490081E5FF /* Frameworks */ = {
			isa = PBXFrameworksBuildPhase;
			buildActionMask = 2147483647;
			files = (
			);
			runOnlyForDeploymentPostprocessing = 0;
		};
/* End PBXFrameworksBuildPhase section */

/* Begin PBXGroup section */
		96C254A11DA3B6AB00E3FC16 /* SupportingFiles */ = {
			isa = PBXGroup;
			children = (
				96DF2F121DA2BD490081E5FF /* AppDelegate.swift */,
				96DF2F191DA2BD490081E5FF /* Assets.xcassets */,
				96DF2F1B1DA2BD490081E5FF /* LaunchScreen.storyboard */,
				96DF2F1E1DA2BD490081E5FF /* Info.plist */,
			);
			name = SupportingFiles;
			sourceTree = "<group>";
		};
		96DF2F061DA2BD490081E5FF = {
			isa = PBXGroup;
			children = (
				96DF2F111DA2BD490081E5FF /* FaceIt */,
				96DF2F261DA2BD490081E5FF /* FaceItTests */,
				96DF2F311DA2BD490081E5FF /* FaceItUITests */,
				96DF2F101DA2BD490081E5FF /* Products */,
			);
			sourceTree = "<group>";
		};
		96DF2F101DA2BD490081E5FF /* Products */ = {
			isa = PBXGroup;
			children = (
				96DF2F0F1DA2BD490081E5FF /* FaceIt.app */,
				96DF2F231DA2BD490081E5FF /* FaceItTests.xctest */,
				96DF2F2E1DA2BD490081E5FF /* FaceItUITests.xctest */,
			);
			name = Products;
			sourceTree = "<group>";
		};
		96DF2F111DA2BD490081E5FF /* FaceIt */ = {
			isa = PBXGroup;
			children = (
				96DF2F141DA2BD490081E5FF /* FaceViewController.swift */,
				96DF2F401DA2BED60081E5FF /* FaceView.swift */,
				96C2549E1DA39F4200E3FC16 /* FacialExpression.swift */,
				96C254A21DA3BA7400E3FC16 /* EmotionsViewController.swift */,
				96DF2F161DA2BD490081E5FF /* Main.storyboard */,
				96C254A11DA3B6AB00E3FC16 /* SupportingFiles */,
			);
			path = FaceIt;
			sourceTree = "<group>";
		};
		96DF2F261DA2BD490081E5FF /* FaceItTests */ = {
			isa = PBXGroup;
			children = (
				96DF2F271DA2BD490081E5FF /* FaceItTests.swift */,
				96DF2F291DA2BD490081E5FF /* Info.plist */,
			);
			path = FaceItTests;
			sourceTree = "<group>";
		};
		96DF2F311DA2BD490081E5FF /* FaceItUITests */ = {
			isa = PBXGroup;
			children = (
				96DF2F321DA2BD490081E5FF /* FaceItUITests.swift */,
				96DF2F341DA2BD490081E5FF /* Info.plist */,
			);
			path = FaceItUITests;
			sourceTree = "<group>";
		};
/* End PBXGroup section */

/* Begin PBXNativeTarget section */
		96DF2F0E1DA2BD490081E5FF /* FaceIt */ = {
			isa = PBXNativeTarget;
			buildConfigurationList = 96DF2F371DA2BD490081E5FF /* Build configuration list for PBXNativeTarget "FaceIt" */;
			buildPhases = (
				96DF2F0B1DA2BD490081E5FF /* Sources */,
				96DF2F0C1DA2BD490081E5FF /* Frameworks */,
				96DF2F0D1DA2BD490081E5FF /* Resources */,
			);
			buildRules = (
			);
			dependencies = (
			);
			name = FaceIt;
			productName = FaceIt;
			productReference = 96DF2F0F1DA2BD490081E5FF /* FaceIt.app */;
			productType = "com.apple.product-type.application";
		};
		96DF2F221DA2BD490081E5FF /* FaceItTests */ = {
			isa = PBXNativeTarget;
			buildConfigurationList = 96DF2F3A1DA2BD490081E5FF /* Build configuration list for PBXNativeTarget "FaceItTests" */;
			buildPhases = (
				96DF2F1F1DA2BD490081E5FF /* Sources */,
				96DF2F201DA2BD490081E5FF /* Frameworks */,
				96DF2F211DA2BD490081E5FF /* Resources */,
			);
			buildRules = (
			);
			dependencies = (
				96DF2F251DA2BD490081E5FF /* PBXTargetDependency */,
			);
			name = FaceItTests;
			productName = FaceItTests;
			productReference = 96DF2F231DA2BD490081E5FF /* FaceItTests.xctest */;
			productType = "com.apple.product-type.bundle.unit-test";
		};
		96DF2F2D1DA2BD490081E5FF /* FaceItUITests */ = {
			isa = PBXNativeTarget;
			buildConfigurationList = 96DF2F3D1DA2BD490081E5FF /* Build configuration list for PBXNativeTarget "FaceItUITests" */;
			buildPhases = (
				96DF2F2A1DA2BD490081E5FF /* Sources */,
				96DF2F2B1DA2BD490081E5FF /* Frameworks */,
				96DF2F2C1DA2BD490081E5FF /* Resources */,
			);
			buildRules = (
			);
			dependencies = (
				96DF2F301DA2BD490081E5FF /* PBXTargetDependency */,
			);
			name = FaceItUITests;
			productName = FaceItUITests;
			productReference = 96DF2F2E1DA2BD490081E5FF /* FaceItUITests.xctest */;
			productType = "com.apple.product-type.bundle.ui-testing";
		};
/* End PBXNativeTarget section */

/* Begin PBXProject section */
		96DF2F071DA2BD490081E5FF /* Project object */ = {
			isa = PBXProject;
			attributes = {
				LastSwiftUpdateCheck = 0800;
				LastUpgradeCheck = 0800;
				ORGANIZATIONNAME = "Veronika Hristozova";
				TargetAttributes = {
					96DF2F0E1DA2BD490081E5FF = {
						CreatedOnToolsVersion = 8.0;
						DevelopmentTeam = 46CT5D4L8X;
						ProvisioningStyle = Automatic;
					};
					96DF2F221DA2BD490081E5FF = {
						CreatedOnToolsVersion = 8.0;
						DevelopmentTeam = 46CT5D4L8X;
						ProvisioningStyle = Automatic;
						TestTargetID = 96DF2F0E1DA2BD490081E5FF;
					};
					96DF2F2D1DA2BD490081E5FF = {
						CreatedOnToolsVersion = 8.0;
						DevelopmentTeam = 46CT5D4L8X;
						ProvisioningStyle = Automatic;
						TestTargetID = 96DF2F0E1DA2BD490081E5FF;
					};
				};
			};
			buildConfigurationList = 96DF2F0A1DA2BD490081E5FF /* Build configuration list for PBXProject "FaceIt" */;
			compatibilityVersion = "Xcode 3.2";
			developmentRegion = English;
			hasScannedForEncodings = 0;
			knownRegions = (
				en,
				Base,
			);
			mainGroup = 96DF2F061DA2BD490081E5FF;
			productRefGroup = 96DF2F101DA2BD490081E5FF /* Products */;
			projectDirPath = "";
			projectRoot = "";
			targets = (
				96DF2F0E1DA2BD490081E5FF /* FaceIt */,
				96DF2F221DA2BD490081E5FF /* FaceItTests */,
				96DF2F2D1DA2BD490081E5FF /* FaceItUITests */,
			);
		};
/* End PBXProject section */

/* Begin PBXResourcesBuildPhase section */
		96DF2F0D1DA2BD490081E5FF /* Resources */ = {
			isa = PBXResourcesBuildPhase;
			buildActionMask = 2147483647;
			files = (
				96DF2F1D1DA2BD490081E5FF /* LaunchScreen.storyboard in Resources */,
				96DF2F1A1DA2BD490081E5FF /* Assets.xcassets in Resources */,
				96DF2F181DA2BD490081E5FF /* Main.storyboard in Resources */,
			);
			runOnlyForDeploymentPostprocessing = 0;
		};
		96DF2F211DA2BD490081E5FF /* Resources */ = {
			isa = PBXResourcesBuildPhase;
			buildActionMask = 2147483647;
			files = (
			);
			runOnlyForDeploymentPostprocessing = 0;
		};
		96DF2F2C1DA2BD490081E5FF /* Resources */ = {
			isa = PBXResourcesBuildPhase;
			buildActionMask = 2147483647;
			files = (
			);
			runOnlyForDeploymentPostprocessing = 0;
		};
/* End PBXResourcesBuildPhase section */

/* Begin PBXSourcesBuildPhase section */
		96DF2F0B1DA2BD490081E5FF /* Sources */ = {
			isa = PBXSourcesBuildPhase;
			buildActionMask = 2147483647;
			files = (
				96DF2F151DA2BD490081E5FF /* FaceViewController.swift in Sources */,
				96C2549F1DA39F4200E3FC16 /* FacialExpression.swift in Sources */,
				96C254A31DA3BA7400E3FC16 /* EmotionsViewController.swift in Sources */,
				96DF2F131DA2BD490081E5FF /* AppDelegate.swift in Sources */,
				96DF2F411DA2BED60081E5FF /* FaceView.swift in Sources */,
			);
			runOnlyForDeploymentPostprocessing = 0;
		};
		96DF2F1F1DA2BD490081E5FF /* Sources */ = {
			isa = PBXSourcesBuildPhase;
			buildActionMask = 2147483647;
			files = (
				96DF2F281DA2BD490081E5FF /* FaceItTests.swift in Sources */,
			);
			runOnlyForDeploymentPostprocessing = 0;
		};
		96DF2F2A1DA2BD490081E5FF /* Sources */ = {
			isa = PBXSourcesBuildPhase;
			buildActionMask = 2147483647;
			files = (
				96DF2F331DA2BD490081E5FF /* FaceItUITests.swift in Sources */,
			);
			runOnlyForDeploymentPostprocessing = 0;
		};
/* End PBXSourcesBuildPhase section */

/* Begin PBXTargetDependency section */
		96DF2F251DA2BD490081E5FF /* PBXTargetDependency */ = {
			isa = PBXTargetDependency;
			target = 96DF2F0E1DA2BD490081E5FF /* FaceIt */;
			targetProxy = 96DF2F241DA2BD490081E5FF /* PBXContainerItemProxy */;
		};
		96DF2F301DA2BD490081E5FF /* PBXTargetDependency */ = {
			isa = PBXTargetDependency;
			target = 96DF2F0E1DA2BD490081E5FF /* FaceIt */;
			targetProxy = 96DF2F2F1DA2BD490081E5FF /* PBXContainerItemProxy */;
		};
/* End PBXTargetDependency section */

/* Begin PBXVariantGroup section */
		96DF2F161DA2BD490081E5FF /* Main.storyboard */ = {
			isa = PBXVariantGroup;
			children = (
				96DF2F171DA2BD490081E5FF /* Base */,
			);
			name = Main.storyboard;
			sourceTree = "<group>";
		};
		96DF2F1B1DA2BD490081E5FF /* LaunchScreen.storyboard */ = {
			isa = PBXVariantGroup;
			children = (
				96DF2F1C1DA2BD490081E5FF /* Base */,
			);
			name = LaunchScreen.storyboard;
			sourceTree = "<group>";
		};
/* End PBXVariantGroup section */

/* Begin XCBuildConfiguration section */
		96DF2F351DA2BD490081E5FF /* Debug */ = {
			isa = XCBuildConfiguration;
			buildSettings = {
				ALWAYS_SEARCH_USER_PATHS = NO;
				CLANG_ANALYZER_NONNULL = YES;
				CLANG_CXX_LANGUAGE_STANDARD = "gnu++0x";
				CLANG_CXX_LIBRARY = "libc++";
				CLANG_ENABLE_MODULES = YES;
				CLANG_ENABLE_OBJC_ARC = YES;
				CLANG_WARN_BOOL_CONVERSION = YES;
				CLANG_WARN_CONSTANT_CONVERSION = YES;
				CLANG_WARN_DIRECT_OBJC_ISA_USAGE = YES_ERROR;
				CLANG_WARN_DOCUMENTATION_COMMENTS = YES;
				CLANG_WARN_EMPTY_BODY = YES;
				CLANG_WARN_ENUM_CONVERSION = YES;
				CLANG_WARN_INFINITE_RECURSION = YES;
				CLANG_WARN_INT_CONVERSION = YES;
				CLANG_WARN_OBJC_ROOT_CLASS = YES_ERROR;
				CLANG_WARN_SUSPICIOUS_MOVES = YES;
				CLANG_WARN_UNREACHABLE_CODE = YES;
				CLANG_WARN__DUPLICATE_METHOD_MATCH = YES;
				"CODE_SIGN_IDENTITY[sdk=iphoneos*]" = "iPhone Developer";
				COPY_PHASE_STRIP = NO;
				DEBUG_INFORMATION_FORMAT = dwarf;
				ENABLE_STRICT_OBJC_MSGSEND = YES;
				ENABLE_TESTABILITY = YES;
				GCC_C_LANGUAGE_STANDARD = gnu99;
				GCC_DYNAMIC_NO_PIC = NO;
				GCC_NO_COMMON_BLOCKS = YES;
				GCC_OPTIMIZATION_LEVEL = 0;
				GCC_PREPROCESSOR_DEFINITIONS = (
					"DEBUG=1",
					"$(inherited)",
				);
				GCC_WARN_64_TO_32_BIT_CONVERSION = YES;
				GCC_WARN_ABOUT_RETURN_TYPE = YES_ERROR;
				GCC_WARN_UNDECLARED_SELECTOR = YES;
				GCC_WARN_UNINITIALIZED_AUTOS = YES_AGGRESSIVE;
				GCC_WARN_UNUSED_FUNCTION = YES;
				GCC_WARN_UNUSED_VARIABLE = YES;
				IPHONEOS_DEPLOYMENT_TARGET = 10.0;
				MTL_ENABLE_DEBUG_INFO = YES;
				ONLY_ACTIVE_ARCH = YES;
				SDKROOT = iphoneos;
				SWIFT_ACTIVE_COMPILATION_CONDITIONS = DEBUG;
				SWIFT_OPTIMIZATION_LEVEL = "-Onone";
				TARGETED_DEVICE_FAMILY = "1,2";
			};
			name = Debug;
		};
		96DF2F361DA2BD490081E5FF /* Release */ = {
			isa = XCBuildConfiguration;
			buildSettings = {
				ALWAYS_SEARCH_USER_PATHS = NO;
				CLANG_ANALYZER_NONNULL = YES;
				CLANG_CXX_LANGUAGE_STANDARD = "gnu++0x";
				CLANG_CXX_LIBRARY = "libc++";
				CLANG_ENABLE_MODULES = YES;
				CLANG_ENABLE_OBJC_ARC = YES;
				CLANG_WARN_BOOL_CONVERSION = YES;
				CLANG_WARN_CONSTANT_CONVERSION = YES;
				CLANG_WARN_DIRECT_OBJC_ISA_USAGE = YES_ERROR;
				CLANG_WARN_DOCUMENTATION_COMMENTS = YES;
				CLANG_WARN_EMPTY_BODY = YES;
				CLANG_WARN_ENUM_CONVERSION = YES;
				CLANG_WARN_INFINITE_RECURSION = YES;
				CLANG_WARN_INT_CONVERSION = YES;
				CLANG_WARN_OBJC_ROOT_CLASS = YES_ERROR;
				CLANG_WARN_SUSPICIOUS_MOVES = YES;
				CLANG_WARN_UNREACHABLE_CODE = YES;
				CLANG_WARN__DUPLICATE_METHOD_MATCH = YES;
				"CODE_SIGN_IDENTITY[sdk=iphoneos*]" = "iPhone Developer";
				COPY_PHASE_STRIP = NO;
				DEBUG_INFORMATION_FORMAT = "dwarf-with-dsym";
				ENABLE_NS_ASSERTIONS = NO;
				ENABLE_STRICT_OBJC_MSGSEND = YES;
				GCC_C_LANGUAGE_STANDARD = gnu99;
				GCC_NO_COMMON_BLOCKS = YES;
				GCC_WARN_64_TO_32_BIT_CONVERSION = YES;
				GCC_WARN_ABOUT_RETURN_TYPE = YES_ERROR;
				GCC_WARN_UNDECLARED_SELECTOR = YES;
				GCC_WARN_UNINITIALIZED_AUTOS = YES_AGGRESSIVE;
				GCC_WARN_UNUSED_FUNCTION = YES;
				GCC_WARN_UNUSED_VARIABLE = YES;
				IPHONEOS_DEPLOYMENT_TARGET = 10.0;
				MTL_ENABLE_DEBUG_INFO = NO;
				SDKROOT = iphoneos;
				SWIFT_OPTIMIZATION_LEVEL = "-Owholemodule";
				TARGETED_DEVICE_FAMILY = "1,2";
				VALIDATE_PRODUCT = YES;
			};
			name = Release;
		};
		96DF2F381DA2BD490081E5FF /* Debug */ = {
			isa = XCBuildConfiguration;
			buildSettings = {
				ASSETCATALOG_COMPILER_APPICON_NAME = AppIcon;
				DEVELOPMENT_TEAM = 46CT5D4L8X;
				INFOPLIST_FILE = FaceIt/Info.plist;
				LD_RUNPATH_SEARCH_PATHS = "$(inherited) @executable_path/Frameworks";
				PRODUCT_BUNDLE_IDENTIFIER = Personal.FaceIt;
				PRODUCT_NAME = "$(TARGET_NAME)";
				SWIFT_VERSION = 3.0;
			};
			name = Debug;
		};
		96DF2F391DA2BD490081E5FF /* Release */ = {
			isa = XCBuildConfiguration;
			buildSettings = {
				ASSETCATALOG_COMPILER_APPICON_NAME = AppIcon;
				DEVELOPMENT_TEAM = 46CT5D4L8X;
				INFOPLIST_FILE = FaceIt/Info.plist;
				LD_RUNPATH_SEARCH_PATHS = "$(inherited) @executable_path/Frameworks";
				PRODUCT_BUNDLE_IDENTIFIER = Personal.FaceIt;
				PRODUCT_NAME = "$(TARGET_NAME)";
				SWIFT_VERSION = 3.0;
			};
			name = Release;
		};
		96DF2F3B1DA2BD490081E5FF /* Debug */ = {
			isa = XCBuildConfiguration;
			buildSettings = {
				ALWAYS_EMBED_SWIFT_STANDARD_LIBRARIES = YES;
				BUNDLE_LOADER = "$(TEST_HOST)";
				DEVELOPMENT_TEAM = 46CT5D4L8X;
				INFOPLIST_FILE = FaceItTests/Info.plist;
				LD_RUNPATH_SEARCH_PATHS = "$(inherited) @executable_path/Frameworks @loader_path/Frameworks";
				PRODUCT_BUNDLE_IDENTIFIER = Personal.FaceItTests;
				PRODUCT_NAME = "$(TARGET_NAME)";
				SWIFT_VERSION = 3.0;
				TEST_HOST = "$(BUILT_PRODUCTS_DIR)/FaceIt.app/FaceIt";
			};
			name = Debug;
		};
		96DF2F3C1DA2BD490081E5FF /* Release */ = {
			isa = XCBuildConfiguration;
			buildSettings = {
				ALWAYS_EMBED_SWIFT_STANDARD_LIBRARIES = YES;
				BUNDLE_LOADER = "$(TEST_HOST)";
				DEVELOPMENT_TEAM = 46CT5D4L8X;
				INFOPLIST_FILE = FaceItTests/Info.plist;
				LD_RUNPATH_SEARCH_PATHS = "$(inherited) @executable_path/Frameworks @loader_path/Frameworks";
				PRODUCT_BUNDLE_IDENTIFIER = Personal.FaceItTests;
				PRODUCT_NAME = "$(TARGET_NAME)";
				SWIFT_VERSION = 3.0;
				TEST_HOST = "$(BUILT_PRODUCTS_DIR)/FaceIt.app/FaceIt";
			};
			name = Release;
		};
		96DF2F3E1DA2BD490081E5FF /* Debug */ = {
			isa = XCBuildConfiguration;
			buildSettings = {
				ALWAYS_EMBED_SWIFT_STANDARD_LIBRARIES = YES;
				DEVELOPMENT_TEAM = 46CT5D4L8X;
				INFOPLIST_FILE = FaceItUITests/Info.plist;
				LD_RUNPATH_SEARCH_PATHS = "$(inherited) @executable_path/Frameworks @loader_path/Frameworks";
				PRODUCT_BUNDLE_IDENTIFIER = Personal.FaceItUITests;
				PRODUCT_NAME = "$(TARGET_NAME)";
				SWIFT_VERSION = 3.0;
				TEST_TARGET_NAME = FaceIt;
			};
			name = Debug;
		};
		96DF2F3F1DA2BD490081E5FF /* Release */ = {
			isa = XCBuildConfiguration;
			buildSettings = {
				ALWAYS_EMBED_SWIFT_STANDARD_LIBRARIES = YES;
				DEVELOPMENT_TEAM = 46CT5D4L8X;
				INFOPLIST_FILE = FaceItUITests/Info.plist;
				LD_RUNPATH_SEARCH_PATHS = "$(inherited) @executable_path/Frameworks @loader_path/Frameworks";
				PRODUCT_BUNDLE_IDENTIFIER = Personal.FaceItUITests;
				PRODUCT_NAME = "$(TARGET_NAME)";
				SWIFT_VERSION = 3.0;
				TEST_TARGET_NAME = FaceIt;
			};
			name = Release;
		};
/* End XCBuildConfiguration section */

/* Begin XCConfigurationList section */
		96DF2F0A1DA2BD490081E5FF /* Build configuration list for PBXProject "FaceIt" */ = {
			isa = XCConfigurationList;
			buildConfigurations = (
				96DF2F351DA2BD490081E5FF /* Debug */,
				96DF2F361DA2BD490081E5FF /* Release */,
			);
			defaultConfigurationIsVisible = 0;
			defaultConfigurationName = Release;
		};
		96DF2F371DA2BD490081E5FF /* Build configuration list for PBXNativeTarget "FaceIt" */ = {
			isa = XCConfigurationList;
			buildConfigurations = (
				96DF2F381DA2BD490081E5FF /* Debug */,
				96DF2F391DA2BD490081E5FF /* Release */,
			);
			defaultConfigurationIsVisible = 0;
			defaultConfigurationName = Release;
		};
		96DF2F3A1DA2BD490081E5FF /* Build configuration list for PBXNativeTarget "FaceItTests" */ = {
			isa = XCConfigurationList;
			buildConfigurations = (
				96DF2F3B1DA2BD490081E5FF /* Debug */,
				96DF2F3C1DA2BD490081E5FF /* Release */,
			);
			defaultConfigurationIsVisible = 0;
			defaultConfigurationName = Release;
		};
		96DF2F3D1DA2BD490081E5FF /* Build configuration list for PBXNativeTarget "FaceItUITests" */ = {
			isa = XCConfigurationList;
			buildConfigurations = (
				96DF2F3E1DA2BD490081E5FF /* Debug */,
				96DF2F3F1DA2BD490081E5FF /* Release */,
			);
			defaultConfigurationIsVisible = 0;
			defaultConfigurationName = Release;
		};
/* End XCConfigurationList section */
	};
	rootObject = 96DF2F071DA2BD490081E5FF /* Project object */;
}
